
Microsoft Visual Studio Solution File, Format Version 12.00
# Visual Studio Version 16
VisualStudioVersion = 16.0.31729.503
MinimumVisualStudioVersion = 10.0.40219.1
Project("{FAE04EC0-301F-11D3-BF4B-00C04F79EFBC}") = "ServiceRest_20190140047_FuadRizkani", "ServiceRest_20190140047_FuadRizkani\ServiceRest_20190140047_FuadRizkani.csproj", "{378CC17D-9164-4E61-9819-685E6C299644}"
EndProject
Global
	GlobalSection(SolutionConfigurationPlatforms) = preSolution
		Debug|Any CPU = Debug|Any CPU
		Release|Any CPU = Release|Any CPU
	EndGlobalSection
	GlobalSection(ProjectConfigurationPlatforms) = postSolution
		{378CC17D-9164-4E61-9819-685E6C299644}.Debug|Any CPU.ActiveCfg = Debug|Any CPU
		{378CC17D-9164-4E61-9819-685E6C299644}.Debug|Any CPU.Build.0 = Debug|Any CPU
		{378CC17D-9164-4E61-9819-685E6C299644}.Release|Any CPU.ActiveCfg = Release|Any CPU
		{378CC17D-9164-4E61-9819-685E6C299644}.Release|Any CPU.Build.0 = Release|Any CPU
	EndGlobalSection
	GlobalSection(SolutionProperties) = preSolution
		HideSolutionNode = FALSE
	EndGlobalSection
	GlobalSection(ExtensibilityGlobals) = postSolution
		SolutionGuid = {3343800B-33A9-4CAC-958C-304BDA7944D6}
	EndGlobalSection
EndGlobal
